
Microsoft Visual Studio Solution File, Format Version 12.00
# Visual Studio Version 16
VisualStudioVersion = 16.0.31729.503
MinimumVisualStudioVersion = 10.0.40219.1
Project("{9A19103F-16F7-4668-BE54-9A1E7A4F7556}") = "PFE.Application", "PFE.Application\PFE.Application.csproj", "{A7B6C4F5-F24D-44FB-94CE-CB7F938CD1F0}"
EndProject
Project("{9A19103F-16F7-4668-BE54-9A1E7A4F7556}") = "PFE.Framework", "PFE.Framework\PFE.Framework.csproj", "{B928BB3A-8D1E-42ED-AF3A-C2833CEEA06E}"
EndProject
Project("{FAE04EC0-301F-11D3-BF4B-00C04F79EFBC}") = "PFE.Server.Application", "PFE.Server.Application\PFE.Server.Application.csproj", "{16230567-F4A9-4A02-AA01-7EC2DD70E21D}"
EndProject
Project("{FAE04EC0-301F-11D3-BF4B-00C04F79EFBC}") = "PFE.Client.Application", "PFE.Client.Application\PFE.Client.Application.csproj", "{C85C68A4-F1E7-46AA-9654-77C1FA14CD05}"
EndProject
Global
	GlobalSection(SolutionConfigurationPlatforms) = preSolution
		Debug|Any CPU = Debug|Any CPU
		Release|Any CPU = Release|Any CPU
	EndGlobalSection
	GlobalSection(ProjectConfigurationPlatforms) = postSolution
		{A7B6C4F5-F24D-44FB-94CE-CB7F938CD1F0}.Debug|Any CPU.ActiveCfg = Debug|Any CPU
		{A7B6C4F5-F24D-44FB-94CE-CB7F938CD1F0}.Debug|Any CPU.Build.0 = Debug|Any CPU
		{A7B6C4F5-F24D-44FB-94CE-CB7F938CD1F0}.Release|Any CPU.ActiveCfg = Release|Any CPU
		{A7B6C4F5-F24D-44FB-94CE-CB7F938CD1F0}.Release|Any CPU.Build.0 = Release|Any CPU
		{B928BB3A-8D1E-42ED-AF3A-C2833CEEA06E}.Debug|Any CPU.ActiveCfg = Debug|Any CPU
		{B928BB3A-8D1E-42ED-AF3A-C2833CEEA06E}.Debug|Any CPU.Build.0 = Debug|Any CPU
		{B928BB3A-8D1E-42ED-AF3A-C2833CEEA06E}.Release|Any CPU.ActiveCfg = Release|Any CPU
		{B928BB3A-8D1E-42ED-AF3A-C2833CEEA06E}.Release|Any CPU.Build.0 = Release|Any CPU
		{16230567-F4A9-4A02-AA01-7EC2DD70E21D}.Debug|Any CPU.ActiveCfg = Debug|Any CPU
		{16230567-F4A9-4A02-AA01-7EC2DD70E21D}.Debug|Any CPU.Build.0 = Debug|Any CPU
		{16230567-F4A9-4A02-AA01-7EC2DD70E21D}.Release|Any CPU.ActiveCfg = Release|Any CPU
		{16230567-F4A9-4A02-AA01-7EC2DD70E21D}.Release|Any CPU.Build.0 = Release|Any CPU
		{C85C68A4-F1E7-46AA-9654-77C1FA14CD05}.Debug|Any CPU.ActiveCfg = Debug|Any CPU
		{C85C68A4-F1E7-46AA-9654-77C1FA14CD05}.Debug|Any CPU.Build.0 = Debug|Any CPU
		{C85C68A4-F1E7-46AA-9654-77C1FA14CD05}.Release|Any CPU.ActiveCfg = Release|Any CPU
		{C85C68A4-F1E7-46AA-9654-77C1FA14CD05}.Release|Any CPU.Build.0 = Release|Any CPU
	EndGlobalSection
	GlobalSection(SolutionProperties) = preSolution
		HideSolutionNode = FALSE
	EndGlobalSection
	GlobalSection(ExtensibilityGlobals) = postSolution
		SolutionGuid = {1F74F3A5-A4EC-4784-A201-280DB1436DB4}
	EndGlobalSection
EndGlobal
